
Microsoft Visual Studio Solution File, Format Version 12.00
# Visual Studio 15
VisualStudioVersion = 15.0.27428.2011
MinimumVisualStudioVersion = 10.0.40219.1
Project("{9A19103F-16F7-4668-BE54-9A1E7A4F7556}") = "MoviesAPI", "MoviesAPI\MoviesAPI.csproj", "{7B0E53BC-9E28-4E93-ABE9-1AB1B51DE209}"
EndProject
Project("{FAE04EC0-301F-11D3-BF4B-00C04F79EFBC}") = "MoviesAPITest", "MoviesAPITest\MoviesAPITest.csproj", "{2ED6A353-825C-4F80-8641-640FFB5595E4}"
EndProject
Global
	GlobalSection(SolutionConfigurationPlatforms) = preSolution
		Debug|Any CPU = Debug|Any CPU
		Release|Any CPU = Release|Any CPU
	EndGlobalSection
	GlobalSection(ProjectConfigurationPlatforms) = postSolution
		{7B0E53BC-9E28-4E93-ABE9-1AB1B51DE209}.Debug|Any CPU.ActiveCfg = Debug|Any CPU
		{7B0E53BC-9E28-4E93-ABE9-1AB1B51DE209}.Debug|Any CPU.Build.0 = Debug|Any CPU
		{7B0E53BC-9E28-4E93-ABE9-1AB1B51DE209}.Release|Any CPU.ActiveCfg = Release|Any CPU
		{7B0E53BC-9E28-4E93-ABE9-1AB1B51DE209}.Release|Any CPU.Build.0 = Release|Any CPU
		{2ED6A353-825C-4F80-8641-640FFB5595E4}.Debug|Any CPU.ActiveCfg = Debug|Any CPU
		{2ED6A353-825C-4F80-8641-640FFB5595E4}.Debug|Any CPU.Build.0 = Debug|Any CPU
		{2ED6A353-825C-4F80-8641-640FFB5595E4}.Release|Any CPU.ActiveCfg = Release|Any CPU
		{2ED6A353-825C-4F80-8641-640FFB5595E4}.Release|Any CPU.Build.0 = Release|Any CPU
	EndGlobalSection
	GlobalSection(SolutionProperties) = preSolution
		HideSolutionNode = FALSE
	EndGlobalSection
	GlobalSection(ExtensibilityGlobals) = postSolution
		SolutionGuid = {6AAA8B9A-D635-44F5-8DEA-98EFC39E1264}
	EndGlobalSection
EndGlobal
